// !$*UTF8*$!
{
	archiveVersion = 1;
	classes = {
	};
	objectVersion = 56;
	objects = {

/* Begin PBXBuildFile section */
		D234468C2AC613A600967A98 /* FrameworkDetailView.swift in Sources */ = {isa = PBXBuildFile; fileRef = D234468B2AC613A600967A98 /* FrameworkDetailView.swift */; };
		D234468E2AC61AF000967A98 /* FrameworkGridViewModel.swift in Sources */ = {isa = PBXBuildFile; fileRef = D234468D2AC61AF000967A98 /* FrameworkGridViewModel.swift */; };
		D23446902AC623C500967A98 /* SafariView.swift in Sources */ = {isa = PBXBuildFile; fileRef = D234468F2AC623C500967A98 /* SafariView.swift */; };
		D23446922AC627ED00967A98 /* FrameworkTitleView.swift in Sources */ = {isa = PBXBuildFile; fileRef = D23446912AC627ED00967A98 /* FrameworkTitleView.swift */; };
		D2390FE02AEC2E0800A7F37A /* FrameworkDetailViewModel.swift in Sources */ = {isa = PBXBuildFile; fileRef = D2390FDF2AEC2E0800A7F37A /* FrameworkDetailViewModel.swift */; };
		D24EB6E22AC4E99F001F2E23 /* SwiftUI_Apple_FrameworksApp.swift in Sources */ = {isa = PBXBuildFile; fileRef = D24EB6E12AC4E99F001F2E23 /* SwiftUI_Apple_FrameworksApp.swift */; };
		D24EB6E62AC4E9A4001F2E23 /* Assets.xcassets in Resources */ = {isa = PBXBuildFile; fileRef = D24EB6E52AC4E9A4001F2E23 /* Assets.xcassets */; };
		D24EB6E92AC4E9A4001F2E23 /* Preview Assets.xcassets in Resources */ = {isa = PBXBuildFile; fileRef = D24EB6E82AC4E9A4001F2E23 /* Preview Assets.xcassets */; };
		D24EB6F02AC4EA87001F2E23 /* Framework.swift in Sources */ = {isa = PBXBuildFile; fileRef = D24EB6EF2AC4EA87001F2E23 /* Framework.swift */; };
		D24EB6F22AC4EC28001F2E23 /* FrameworkGridView.swift in Sources */ = {isa = PBXBuildFile; fileRef = D24EB6F12AC4EC28001F2E23 /* FrameworkGridView.swift */; };
/* End PBXBuildFile section */

/* Begin PBXFileReference section */
		D234468B2AC613A600967A98 /* FrameworkDetailView.swift */ = {isa = PBXFileReference; lastKnownFileType = sourcecode.swift; path = FrameworkDetailView.swift; sourceTree = "<group>"; };
		D234468D2AC61AF000967A98 /* FrameworkGridViewModel.swift */ = {isa = PBXFileReference; lastKnownFileType = sourcecode.swift; path = FrameworkGridViewModel.swift; sourceTree = "<group>"; };
		D234468F2AC623C500967A98 /* SafariView.swift */ = {isa = PBXFileReference; lastKnownFileType = sourcecode.swift; path = SafariView.swift; sourceTree = "<group>"; };
		D23446912AC627ED00967A98 /* FrameworkTitleView.swift */ = {isa = PBXFileReference; lastKnownFileType = sourcecode.swift; path = FrameworkTitleView.swift; sourceTree = "<group>"; };
		D2390FDF2AEC2E0800A7F37A /* FrameworkDetailViewModel.swift */ = {isa = PBXFileReference; lastKnownFileType = sourcecode.swift; path = FrameworkDetailViewModel.swift; sourceTree = "<group>"; };
		D2390FE12AEC2F0000A7F37A /* Info.plist */ = {isa = PBXFileReference; lastKnownFileType = text.plist; path = Info.plist; sourceTree = "<group>"; };
		D24EB6DE2AC4E99F001F2E23 /* SwiftUI-Apple-Frameworks.app */ = {isa = PBXFileReference; explicitFileType = wrapper.application; includeInIndex = 0; path = "SwiftUI-Apple-Frameworks.app"; sourceTree = BUILT_PRODUCTS_DIR; };
		D24EB6E12AC4E99F001F2E23 /* SwiftUI_Apple_FrameworksApp.swift */ = {isa = PBXFileReference; lastKnownFileType = sourcecode.swift; path = SwiftUI_Apple_FrameworksApp.swift; sourceTree = "<group>"; };
		D24EB6E52AC4E9A4001F2E23 /* Assets.xcassets */ = {isa = PBXFileReference; lastKnownFileType = folder.assetcatalog; path = Assets.xcassets; sourceTree = "<group>"; };
		D24EB6E82AC4E9A4001F2E23 /* Preview Assets.xcassets */ = {isa = PBXFileReference; lastKnownFileType = folder.assetcatalog; path = "Preview Assets.xcassets"; sourceTree = "<group>"; };
		D24EB6EF2AC4EA87001F2E23 /* Framework.swift */ = {isa = PBXFileReference; lastKnownFileType = sourcecode.swift; path = Framework.swift; sourceTree = "<group>"; };
		D24EB6F12AC4EC28001F2E23 /* FrameworkGridView.swift */ = {isa = PBXFileReference; lastKnownFileType = sourcecode.swift; path = FrameworkGridView.swift; sourceTree = "<group>"; };
/* End PBXFileReference section */

/* Begin PBXFrameworksBuildPhase section */
		D24EB6DB2AC4E99F001F2E23 /* Frameworks */ = {
			isa = PBXFrameworksBuildPhase;
			buildActionMask = 2147483647;
			files = (
			);
			runOnlyForDeploymentPostprocessing = 0;
		};
/* End PBXFrameworksBuildPhase section */

/* Begin PBXGroup section */
		D23446932AC6281400967A98 /* Models */ = {
			isa = PBXGroup;
			children = (
				D24EB6EF2AC4EA87001F2E23 /* Framework.swift */,
			);
			path = Models;
			sourceTree = "<group>";
		};
		D23446942AC6281B00967A98 /* Views */ = {
			isa = PBXGroup;
			children = (
				D23446992AC6289100967A98 /* View */,
			);
			path = Views;
			sourceTree = "<group>";
		};
		D23446952AC6282100967A98 /* UIKit Components */ = {
			isa = PBXGroup;
			children = (
				D234468F2AC623C500967A98 /* SafariView.swift */,
			);
			path = "UIKit Components";
			sourceTree = "<group>";
		};
		D23446962AC6283900967A98 /* Screens */ = {
			isa = PBXGroup;
			children = (
				D23446972AC6284800967A98 /* FrameworkGridView */,
				D23446982AC6286D00967A98 /* FrameworkDetailView */,
			);
			path = Screens;
			sourceTree = "<group>";
		};
		D23446972AC6284800967A98 /* FrameworkGridView */ = {
			isa = PBXGroup;
			children = (
				D24EB6F12AC4EC28001F2E23 /* FrameworkGridView.swift */,
				D234468D2AC61AF000967A98 /* FrameworkGridViewModel.swift */,
			);
			path = FrameworkGridView;
			sourceTree = "<group>";
		};
		D23446982AC6286D00967A98 /* FrameworkDetailView */ = {
			isa = PBXGroup;
			children = (
				D234468B2AC613A600967A98 /* FrameworkDetailView.swift */,
				D2390FDF2AEC2E0800A7F37A /* FrameworkDetailViewModel.swift */,
			);
			path = FrameworkDetailView;
			sourceTree = "<group>";
		};
		D23446992AC6289100967A98 /* View */ = {
			isa = PBXGroup;
			children = (
				D23446912AC627ED00967A98 /* FrameworkTitleView.swift */,
			);
			path = View;
			sourceTree = "<group>";
		};
		D24EB6D52AC4E99F001F2E23 = {
			isa = PBXGroup;
			children = (
				D24EB6E02AC4E99F001F2E23 /* SwiftUI-Apple-Frameworks */,
				D24EB6DF2AC4E99F001F2E23 /* Products */,
			);
			sourceTree = "<group>";
		};
		D24EB6DF2AC4E99F001F2E23 /* Products */ = {
			isa = PBXGroup;
			children = (
				D24EB6DE2AC4E99F001F2E23 /* SwiftUI-Apple-Frameworks.app */,
			);
			name = Products;
			sourceTree = "<group>";
		};
		D24EB6E02AC4E99F001F2E23 /* SwiftUI-Apple-Frameworks */ = {
			isa = PBXGroup;
			children = (
				D2390FE12AEC2F0000A7F37A /* Info.plist */,
				D24EB6E12AC4E99F001F2E23 /* SwiftUI_Apple_FrameworksApp.swift */,
				D23446932AC6281400967A98 /* Models */,
				D23446942AC6281B00967A98 /* Views */,
				D23446962AC6283900967A98 /* Screens */,
				D23446952AC6282100967A98 /* UIKit Components */,
				D24EB6E52AC4E9A4001F2E23 /* Assets.xcassets */,
				D24EB6E72AC4E9A4001F2E23 /* Preview Content */,
			);
			path = "SwiftUI-Apple-Frameworks";
			sourceTree = "<group>";
		};
		D24EB6E72AC4E9A4001F2E23 /* Preview Content */ = {
			isa = PBXGroup;
			children = (
				D24EB6E82AC4E9A4001F2E23 /* Preview Assets.xcassets */,
			);
			path = "Preview Content";
			sourceTree = "<group>";
		};
/* End PBXGroup section */

/* Begin PBXNativeTarget section */
		D24EB6DD2AC4E99F001F2E23 /* SwiftUI-Apple-Frameworks */ = {
			isa = PBXNativeTarget;
			buildConfigurationList = D24EB6EC2AC4E9A4001F2E23 /* Build configuration list for PBXNativeTarget "SwiftUI-Apple-Frameworks" */;
			buildPhases = (
				D24EB6DA2AC4E99F001F2E23 /* Sources */,
				D24EB6DB2AC4E99F001F2E23 /* Frameworks */,
				D24EB6DC2AC4E99F001F2E23 /* Resources */,
			);
			buildRules = (
			);
			dependencies = (
			);
			name = "SwiftUI-Apple-Frameworks";
			productName = "SwiftUI-Apple-Frameworks";
			productReference = D24EB6DE2AC4E99F001F2E23 /* SwiftUI-Apple-Frameworks.app */;
			productType = "com.apple.product-type.application";
		};
/* End PBXNativeTarget section */

/* Begin PBXProject section */
		D24EB6D62AC4E99F001F2E23 /* Project object */ = {
			isa = PBXProject;
			attributes = {
				BuildIndependentTargetsInParallel = 1;
				LastSwiftUpdateCheck = 1420;
				LastUpgradeCheck = 1420;
				TargetAttributes = {
					D24EB6DD2AC4E99F001F2E23 = {
						CreatedOnToolsVersion = 14.2;
					};
				};
			};
			buildConfigurationList = D24EB6D92AC4E99F001F2E23 /* Build configuration list for PBXProject "SwiftUI-Apple-Frameworks" */;
			compatibilityVersion = "Xcode 14.0";
			developmentRegion = en;
			hasScannedForEncodings = 0;
			knownRegions = (
				en,
				Base,
			);
			mainGroup = D24EB6D52AC4E99F001F2E23;
			productRefGroup = D24EB6DF2AC4E99F001F2E23 /* Products */;
			projectDirPath = "";
			projectRoot = "";
			targets = (
				D24EB6DD2AC4E99F001F2E23 /* SwiftUI-Apple-Frameworks */,
			);
		};
/* End PBXProject section */

/* Begin PBXResourcesBuildPhase section */
		D24EB6DC2AC4E99F001F2E23 /* Resources */ = {
			isa = PBXResourcesBuildPhase;
			buildActionMask = 2147483647;
			files = (
				D24EB6E92AC4E9A4001F2E23 /* Preview Assets.xcassets in Resources */,
				D24EB6E62AC4E9A4001F2E23 /* Assets.xcassets in Resources */,
			);
			runOnlyForDeploymentPostprocessing = 0;
		};
/* End PBXResourcesBuildPhase section */

/* Begin PBXSourcesBuildPhase section */
		D24EB6DA2AC4E99F001F2E23 /* Sources */ = {
			isa = PBXSourcesBuildPhase;
			buildActionMask = 2147483647;
			files = (
				D234468C2AC613A600967A98 /* FrameworkDetailView.swift in Sources */,
				D24EB6F22AC4EC28001F2E23 /* FrameworkGridView.swift in Sources */,
				D23446922AC627ED00967A98 /* FrameworkTitleView.swift in Sources */,
				D24EB6F02AC4EA87001F2E23 /* Framework.swift in Sources */,
				D24EB6E22AC4E99F001F2E23 /* SwiftUI_Apple_FrameworksApp.swift in Sources */,
				D23446902AC623C500967A98 /* SafariView.swift in Sources */,
				D2390FE02AEC2E0800A7F37A /* FrameworkDetailViewModel.swift in Sources */,
				D234468E2AC61AF000967A98 /* FrameworkGridViewModel.swift in Sources */,
			);
			runOnlyForDeploymentPostprocessing = 0;
		};
/* End PBXSourcesBuildPhase section */

/* Begin XCBuildConfiguration section */
		D24EB6EA2AC4E9A4001F2E23 /* Debug */ = {
			isa = XCBuildConfiguration;
			buildSettings = {
				ALWAYS_SEARCH_USER_PATHS = NO;
				CLANG_ANALYZER_NONNULL = YES;
				CLANG_ANALYZER_NUMBER_OBJECT_CONVERSION = YES_AGGRESSIVE;
				CLANG_CXX_LANGUAGE_STANDARD = "gnu++20";
				CLANG_ENABLE_MODULES = YES;
				CLANG_ENABLE_OBJC_ARC = YES;
				CLANG_ENABLE_OBJC_WEAK = YES;
				CLANG_WARN_BLOCK_CAPTURE_AUTORELEASING = YES;
				CLANG_WARN_BOOL_CONVERSION = YES;
				CLANG_WARN_COMMA = YES;
				CLANG_WARN_CONSTANT_CONVERSION = YES;
				CLANG_WARN_DEPRECATED_OBJC_IMPLEMENTATIONS = YES;
				CLANG_WARN_DIRECT_OBJC_ISA_USAGE = YES_ERROR;
				CLANG_WARN_DOCUMENTATION_COMMENTS = YES;
				CLANG_WARN_EMPTY_BODY = YES;
				CLANG_WARN_ENUM_CONVERSION = YES;
				CLANG_WARN_INFINITE_RECURSION = YES;
				CLANG_WARN_INT_CONVERSION = YES;
				CLANG_WARN_NON_LITERAL_NULL_CONVERSION = YES;
				CLANG_WARN_OBJC_IMPLICIT_RETAIN_SELF = YES;
				CLANG_WARN_OBJC_LITERAL_CONVERSION = YES;
				CLANG_WARN_OBJC_ROOT_CLASS = YES_ERROR;
				CLANG_WARN_QUOTED_INCLUDE_IN_FRAMEWORK_HEADER = YES;
				CLANG_WARN_RANGE_LOOP_ANALYSIS = YES;
				CLANG_WARN_STRICT_PROTOTYPES = YES;
				CLANG_WARN_SUSPICIOUS_MOVE = YES;
				CLANG_WARN_UNGUARDED_AVAILABILITY = YES_AGGRESSIVE;
				CLANG_WARN_UNREACHABLE_CODE = YES;
				CLANG_WARN__DUPLICATE_METHOD_MATCH = YES;
				COPY_PHASE_STRIP = NO;
				DEBUG_INFORMATION_FORMAT = dwarf;
				ENABLE_STRICT_OBJC_MSGSEND = YES;
				ENABLE_TESTABILITY = YES;
				GCC_C_LANGUAGE_STANDARD = gnu11;
				GCC_DYNAMIC_NO_PIC = NO;
				GCC_NO_COMMON_BLOCKS = YES;
				GCC_OPTIMIZATION_LEVEL = 0;
				GCC_PREPROCESSOR_DEFINITIONS = (
					"DEBUG=1",
					"$(inherited)",
				);
				GCC_WARN_64_TO_32_BIT_CONVERSION = YES;
				GCC_WARN_ABOUT_RETURN_TYPE = YES_ERROR;
				GCC_WARN_UNDECLARED_SELECTOR = YES;
				GCC_WARN_UNINITIALIZED_AUTOS = YES_AGGRESSIVE;
				GCC_WARN_UNUSED_FUNCTION = YES;
				GCC_WARN_UNUSED_VARIABLE = YES;
				IPHONEOS_DEPLOYMENT_TARGET = 16.2;
				MTL_ENABLE_DEBUG_INFO = INCLUDE_SOURCE;
				MTL_FAST_MATH = YES;
				ONLY_ACTIVE_ARCH = YES;
				SDKROOT = iphoneos;
				SWIFT_ACTIVE_COMPILATION_CONDITIONS = DEBUG;
				SWIFT_OPTIMIZATION_LEVEL = "-Onone";
			};
			name = Debug;
		};
		D24EB6EB2AC4E9A4001F2E23 /* Release */ = {
			isa = XCBuildConfiguration;
			buildSettings = {
				ALWAYS_SEARCH_USER_PATHS = NO;
				CLANG_ANALYZER_NONNULL = YES;
				CLANG_ANALYZER_NUMBER_OBJECT_CONVERSION = YES_AGGRESSIVE;
				CLANG_CXX_LANGUAGE_STANDARD = "gnu++20";
				CLANG_ENABLE_MODULES = YES;
				CLANG_ENABLE_OBJC_ARC = YES;
				CLANG_ENABLE_OBJC_WEAK = YES;
				CLANG_WARN_BLOCK_CAPTURE_AUTORELEASING = YES;
				CLANG_WARN_BOOL_CONVERSION = YES;
				CLANG_WARN_COMMA = YES;
				CLANG_WARN_CONSTANT_CONVERSION = YES;
				CLANG_WARN_DEPRECATED_OBJC_IMPLEMENTATIONS = YES;
				CLANG_WARN_DIRECT_OBJC_ISA_USAGE = YES_ERROR;
				CLANG_WARN_DOCUMENTATION_COMMENTS = YES;
				CLANG_WARN_EMPTY_BODY = YES;
				CLANG_WARN_ENUM_CONVERSION = YES;
				CLANG_WARN_INFINITE_RECURSION = YES;
				CLANG_WARN_INT_CONVERSION = YES;
				CLANG_WARN_NON_LITERAL_NULL_CONVERSION = YES;
				CLANG_WARN_OBJC_IMPLICIT_RETAIN_SELF = YES;
				CLANG_WARN_OBJC_LITERAL_CONVERSION = YES;
				CLANG_WARN_OBJC_ROOT_CLASS = YES_ERROR;
				CLANG_WARN_QUOTED_INCLUDE_IN_FRAMEWORK_HEADER = YES;
				CLANG_WARN_RANGE_LOOP_ANALYSIS = YES;
				CLANG_WARN_STRICT_PROTOTYPES = YES;
				CLANG_WARN_SUSPICIOUS_MOVE = YES;
				CLANG_WARN_UNGUARDED_AVAILABILITY = YES_AGGRESSIVE;
				CLANG_WARN_UNREACHABLE_CODE = YES;
				CLANG_WARN__DUPLICATE_METHOD_MATCH = YES;
				COPY_PHASE_STRIP = NO;
				DEBUG_INFORMATION_FORMAT = "dwarf-with-dsym";
				ENABLE_NS_ASSERTIONS = NO;
				ENABLE_STRICT_OBJC_MSGSEND = YES;
				GCC_C_LANGUAGE_STANDARD = gnu11;
				GCC_NO_COMMON_BLOCKS = YES;
				GCC_WARN_64_TO_32_BIT_CONVERSION = YES;
				GCC_WARN_ABOUT_RETURN_TYPE = YES_ERROR;
				GCC_WARN_UNDECLARED_SELECTOR = YES;
				GCC_WARN_UNINITIALIZED_AUTOS = YES_AGGRESSIVE;
				GCC_WARN_UNUSED_FUNCTION = YES;
				GCC_WARN_UNUSED_VARIABLE = YES;
				IPHONEOS_DEPLOYMENT_TARGET = 16.2;
				MTL_ENABLE_DEBUG_INFO = NO;
				MTL_FAST_MATH = YES;
				SDKROOT = iphoneos;
				SWIFT_COMPILATION_MODE = wholemodule;
				SWIFT_OPTIMIZATION_LEVEL = "-O";
				VALIDATE_PRODUCT = YES;
			};
			name = Release;
		};
		D24EB6ED2AC4E9A4001F2E23 /* Debug */ = {
			isa = XCBuildConfiguration;
			buildSettings = {
				ASSETCATALOG_COMPILER_APPICON_NAME = AppIcon;
				ASSETCATALOG_COMPILER_GLOBAL_ACCENT_COLOR_NAME = AccentColor;
				CODE_SIGN_STYLE = Automatic;
				CURRENT_PROJECT_VERSION = 1;
				DEVELOPMENT_ASSET_PATHS = "\"SwiftUI-Apple-Frameworks/Preview Content\"";
				DEVELOPMENT_TEAM = DGLQEP2M6C;
				ENABLE_PREVIEWS = YES;
				GENERATE_INFOPLIST_FILE = YES;
				INFOPLIST_FILE = "SwiftUI-Apple-Frameworks/Info.plist";
				INFOPLIST_KEY_UIApplicationSupportsIndirectInputEvents = YES;
				INFOPLIST_KEY_UILaunchScreen_Generation = YES;
				INFOPLIST_KEY_UISupportedInterfaceOrientations_iPad = "UIInterfaceOrientationPortrait UIInterfaceOrientationPortraitUpsideDown UIInterfaceOrientationLandscapeLeft UIInterfaceOrientationLandscapeRight";
				INFOPLIST_KEY_UISupportedInterfaceOrientations_iPhone = "UIInterfaceOrientationPortrait UIInterfaceOrientationLandscapeLeft UIInterfaceOrientationLandscapeRight";
				LD_RUNPATH_SEARCH_PATHS = (
					"$(inherited)",
					"@executable_path/Frameworks",
				);
				MARKETING_VERSION = 1.0;
				PRODUCT_BUNDLE_IDENTIFIER = "com.devbojawn.SwiftUI-Apple-Frameworks";
				PRODUCT_NAME = "$(TARGET_NAME)";
				SWIFT_EMIT_LOC_STRINGS = YES;
				SWIFT_VERSION = 5.0;
				TARGETED_DEVICE_FAMILY = "1,2";
			};
			name = Debug;
		};
		D24EB6EE2AC4E9A4001F2E23 /* Release */ = {
			isa = XCBuildConfiguration;
			buildSettings = {
				ASSETCATALOG_COMPILER_APPICON_NAME = AppIcon;
				ASSETCATALOG_COMPILER_GLOBAL_ACCENT_COLOR_NAME = AccentColor;
				CODE_SIGN_STYLE = Automatic;
				CURRENT_PROJECT_VERSION = 1;
				DEVELOPMENT_ASSET_PATHS = "\"SwiftUI-Apple-Frameworks/Preview Content\"";
				DEVELOPMENT_TEAM = DGLQEP2M6C;
				ENABLE_PREVIEWS = YES;
				GENERATE_INFOPLIST_FILE = YES;
				INFOPLIST_FILE = "SwiftUI-Apple-Frameworks/Info.plist";
				INFOPLIST_KEY_UIApplicationSupportsIndirectInputEvents = YES;
				INFOPLIST_KEY_UILaunchScreen_Generation = YES;
				INFOPLIST_KEY_UISupportedInterfaceOrientations_iPad = "UIInterfaceOrientationPortrait UIInterfaceOrientationPortraitUpsideDown UIInterfaceOrientationLandscapeLeft UIInterfaceOrientationLandscapeRight";
				INFOPLIST_KEY_UISupportedInterfaceOrientations_iPhone = "UIInterfaceOrientationPortrait UIInterfaceOrientationLandscapeLeft UIInterfaceOrientationLandscapeRight";
				LD_RUNPATH_SEARCH_PATHS = (
					"$(inherited)",
					"@executable_path/Frameworks",
				);
				MARKETING_VERSION = 1.0;
				PRODUCT_BUNDLE_IDENTIFIER = "com.devbojawn.SwiftUI-Apple-Frameworks";
				PRODUCT_NAME = "$(TARGET_NAME)";
				SWIFT_EMIT_LOC_STRINGS = YES;
				SWIFT_VERSION = 5.0;
				TARGETED_DEVICE_FAMILY = "1,2";
			};
			name = Release;
		};
/* End XCBuildConfiguration section */

/* Begin XCConfigurationList section */
		D24EB6D92AC4E99F001F2E23 /* Build configuration list for PBXProject "SwiftUI-Apple-Frameworks" */ = {
			isa = XCConfigurationList;
			buildConfigurations = (
				D24EB6EA2AC4E9A4001F2E23 /* Debug */,
				D24EB6EB2AC4E9A4001F2E23 /* Release */,
			);
			defaultConfigurationIsVisible = 0;
			defaultConfigurationName = Release;
		};
		D24EB6EC2AC4E9A4001F2E23 /* Build configuration list for PBXNativeTarget "SwiftUI-Apple-Frameworks" */ = {
			isa = XCConfigurationList;
			buildConfigurations = (
				D24EB6ED2AC4E9A4001F2E23 /* Debug */,
				D24EB6EE2AC4E9A4001F2E23 /* Release */,
			);
			defaultConfigurationIsVisible = 0;
			defaultConfigurationName = Release;
		};
/* End XCConfigurationList section */
	};
	rootObject = D24EB6D62AC4E99F001F2E23 /* Project object */;
}
